
Microsoft Visual Studio Solution File, Format Version 12.00
# Visual Studio 15
VisualStudioVersion = 15.0.27004.2009
MinimumVisualStudioVersion = 10.0.40219.1
Project("{FAE04EC0-301F-11D3-BF4B-00C04F79EFBC}") = "VMUV_TCP", "VMUV_TCP\VMUV_TCP.csproj", "{6407BB71-13FC-4532-962F-413A93571B34}"
EndProject
Project("{FAE04EC0-301F-11D3-BF4B-00C04F79EFBC}") = "VMUV_TCP_UnitTests", "VMUV_TCP_UnitTests\VMUV_TCP_UnitTests.csproj", "{AAD23E67-9204-4048-AE14-E9AEE4885283}"
EndProject
Global
	GlobalSection(SolutionConfigurationPlatforms) = preSolution
		Debug|Any CPU = Debug|Any CPU
		Release|Any CPU = Release|Any CPU
	EndGlobalSection
	GlobalSection(ProjectConfigurationPlatforms) = postSolution
		{6407BB71-13FC-4532-962F-413A93571B34}.Debug|Any CPU.ActiveCfg = Debug|Any CPU
		{6407BB71-13FC-4532-962F-413A93571B34}.Debug|Any CPU.Build.0 = Debug|Any CPU
		{6407BB71-13FC-4532-962F-413A93571B34}.Release|Any CPU.ActiveCfg = Release|Any CPU
		{6407BB71-13FC-4532-962F-413A93571B34}.Release|Any CPU.Build.0 = Release|Any CPU
		{AAD23E67-9204-4048-AE14-E9AEE4885283}.Debug|Any CPU.ActiveCfg = Debug|Any CPU
		{AAD23E67-9204-4048-AE14-E9AEE4885283}.Debug|Any CPU.Build.0 = Debug|Any CPU
		{AAD23E67-9204-4048-AE14-E9AEE4885283}.Release|Any CPU.ActiveCfg = Release|Any CPU
		{AAD23E67-9204-4048-AE14-E9AEE4885283}.Release|Any CPU.Build.0 = Release|Any CPU
	EndGlobalSection
	GlobalSection(SolutionProperties) = preSolution
		HideSolutionNode = FALSE
	EndGlobalSection
	GlobalSection(ExtensibilityGlobals) = postSolution
		SolutionGuid = {66C1E866-909A-4419-A6F7-899FF656DE9A}
	EndGlobalSection
EndGlobal
