
Microsoft Visual Studio Solution File, Format Version 12.00
# Visual Studio 15
VisualStudioVersion = 15.0.26430.12
MinimumVisualStudioVersion = 10.0.40219.1
Project("{FAE04EC0-301F-11D3-BF4B-00C04F79EFBC}") = "Comms Protocol CSharp", "Comms Protocol CSharp\Comms Protocol CSharp.csproj", "{00F7359A-0CC6-4B03-A098-522E2EEA97DB}"
EndProject
Project("{FAE04EC0-301F-11D3-BF4B-00C04F79EFBC}") = "Comms Protocol CSharp Tests", "Comms Protocol CSharp Tests\Comms Protocol CSharp Tests.csproj", "{0AE0A100-4222-439E-8537-2E8EE6F1622F}"
EndProject
Global
	GlobalSection(SolutionConfigurationPlatforms) = preSolution
		Debug|Any CPU = Debug|Any CPU
		Release|Any CPU = Release|Any CPU
	EndGlobalSection
	GlobalSection(ProjectConfigurationPlatforms) = postSolution
		{00F7359A-0CC6-4B03-A098-522E2EEA97DB}.Debug|Any CPU.ActiveCfg = Debug|Any CPU
		{00F7359A-0CC6-4B03-A098-522E2EEA97DB}.Debug|Any CPU.Build.0 = Debug|Any CPU
		{00F7359A-0CC6-4B03-A098-522E2EEA97DB}.Release|Any CPU.ActiveCfg = Release|Any CPU
		{00F7359A-0CC6-4B03-A098-522E2EEA97DB}.Release|Any CPU.Build.0 = Release|Any CPU
		{0AE0A100-4222-439E-8537-2E8EE6F1622F}.Debug|Any CPU.ActiveCfg = Debug|Any CPU
		{0AE0A100-4222-439E-8537-2E8EE6F1622F}.Debug|Any CPU.Build.0 = Debug|Any CPU
		{0AE0A100-4222-439E-8537-2E8EE6F1622F}.Release|Any CPU.ActiveCfg = Release|Any CPU
		{0AE0A100-4222-439E-8537-2E8EE6F1622F}.Release|Any CPU.Build.0 = Release|Any CPU
	EndGlobalSection
	GlobalSection(SolutionProperties) = preSolution
		HideSolutionNode = FALSE
	EndGlobalSection
EndGlobal
