
Microsoft Visual Studio Solution File, Format Version 12.00
# Visual Studio 15
VisualStudioVersion = 15.0.26430.12
MinimumVisualStudioVersion = 10.0.40219.1
Project("{FAE04EC0-301F-11D3-BF4B-00C04F79EFBC}") = "Motus_Unity_Plugin", "Motus-1-Plugin\Motus_Unity_Plugin.csproj", "{27C63E20-D729-4747-A01C-C06A6166D5B2}"
EndProject
Project("{FAE04EC0-301F-11D3-BF4B-00C04F79EFBC}") = "VMUV TCP CSharp", "..\..\TCP\VMUV TCP CSharp\VMUV TCP CSharp\VMUV TCP CSharp.csproj", "{9E623C9A-5072-41BB-819A-7C1BA442E4A5}"
EndProject
Project("{FAE04EC0-301F-11D3-BF4B-00C04F79EFBC}") = "Trace Logger CSharp", "..\..\Trace Logger\Trace Logger CSharp\Trace Logger CSharp\Trace Logger CSharp.csproj", "{8E8B640F-36CB-4A6D-9117-D2847AF2FCCE}"
EndProject
Project("{FAE04EC0-301F-11D3-BF4B-00C04F79EFBC}") = "Comms Protocol CSharp", "..\..\Communication Protocol\Comms Protocol CSharp\Comms Protocol CSharp\Comms Protocol CSharp.csproj", "{00F7359A-0CC6-4B03-A098-522E2EEA97DB}"
EndProject
Global
	GlobalSection(SolutionConfigurationPlatforms) = preSolution
		Debug|Any CPU = Debug|Any CPU
		Release|Any CPU = Release|Any CPU
	EndGlobalSection
	GlobalSection(ProjectConfigurationPlatforms) = postSolution
		{27C63E20-D729-4747-A01C-C06A6166D5B2}.Debug|Any CPU.ActiveCfg = Debug|Any CPU
		{27C63E20-D729-4747-A01C-C06A6166D5B2}.Debug|Any CPU.Build.0 = Debug|Any CPU
		{27C63E20-D729-4747-A01C-C06A6166D5B2}.Release|Any CPU.ActiveCfg = Release|Any CPU
		{27C63E20-D729-4747-A01C-C06A6166D5B2}.Release|Any CPU.Build.0 = Release|Any CPU
		{9E623C9A-5072-41BB-819A-7C1BA442E4A5}.Debug|Any CPU.ActiveCfg = Debug|Any CPU
		{9E623C9A-5072-41BB-819A-7C1BA442E4A5}.Debug|Any CPU.Build.0 = Debug|Any CPU
		{9E623C9A-5072-41BB-819A-7C1BA442E4A5}.Release|Any CPU.ActiveCfg = Release|Any CPU
		{9E623C9A-5072-41BB-819A-7C1BA442E4A5}.Release|Any CPU.Build.0 = Release|Any CPU
		{8E8B640F-36CB-4A6D-9117-D2847AF2FCCE}.Debug|Any CPU.ActiveCfg = Debug|Any CPU
		{8E8B640F-36CB-4A6D-9117-D2847AF2FCCE}.Debug|Any CPU.Build.0 = Debug|Any CPU
		{8E8B640F-36CB-4A6D-9117-D2847AF2FCCE}.Release|Any CPU.ActiveCfg = Release|Any CPU
		{8E8B640F-36CB-4A6D-9117-D2847AF2FCCE}.Release|Any CPU.Build.0 = Release|Any CPU
		{00F7359A-0CC6-4B03-A098-522E2EEA97DB}.Debug|Any CPU.ActiveCfg = Debug|Any CPU
		{00F7359A-0CC6-4B03-A098-522E2EEA97DB}.Debug|Any CPU.Build.0 = Debug|Any CPU
		{00F7359A-0CC6-4B03-A098-522E2EEA97DB}.Release|Any CPU.ActiveCfg = Release|Any CPU
		{00F7359A-0CC6-4B03-A098-522E2EEA97DB}.Release|Any CPU.Build.0 = Release|Any CPU
	EndGlobalSection
	GlobalSection(SolutionProperties) = preSolution
		HideSolutionNode = FALSE
	EndGlobalSection
	GlobalSection(ExtensibilityGlobals) = postSolution
		SolutionGuid = {31C005E8-CE0F-4460-96DA-934A589A5FF0}
	EndGlobalSection
EndGlobal
